// !$*UTF8*$!
{
	archiveVersion = 1;
	classes = {
	};
	objectVersion = 51;
	objects = {

/* Begin PBXBuildFile section */
		0D5653922AFCD6CA6D6E7E2A /* Pods_Exercise.framework in Frameworks */ = {isa = PBXBuildFile; fileRef = 6CD983DE55C75DF41127DF8E /* Pods_Exercise.framework */; };
		7D487E0E24A3C4AC00E02E21 /* BaseTableViewController.swift in Sources */ = {isa = PBXBuildFile; fileRef = 7D487E0D24A3C4AC00E02E21 /* BaseTableViewController.swift */; };
		7D487E1024A3C4ED00E02E21 /* ToDoListViewModel.swift in Sources */ = {isa = PBXBuildFile; fileRef = 7D487E0F24A3C4ED00E02E21 /* ToDoListViewModel.swift */; };
		7D487E1224A3CAEC00E02E21 /* Colors.xcassets in Resources */ = {isa = PBXBuildFile; fileRef = 7D487E1124A3CAEC00E02E21 /* Colors.xcassets */; };
		7D487E1424A3CD5000E02E21 /* BaseNavigationController.swift in Sources */ = {isa = PBXBuildFile; fileRef = 7D487E1324A3CD5000E02E21 /* BaseNavigationController.swift */; };
		7D487E1624A3CDE000E02E21 /* ToDoListCoordinator.swift in Sources */ = {isa = PBXBuildFile; fileRef = 7D487E1524A3CDE000E02E21 /* ToDoListCoordinator.swift */; };
		7D487E1924A3D43600E02E21 /* Color.swift in Sources */ = {isa = PBXBuildFile; fileRef = 7D487E1824A3D43600E02E21 /* Color.swift */; };
		7D487E2024A3DD2200E02E21 /* CoreDataUtility.swift in Sources */ = {isa = PBXBuildFile; fileRef = 7D487E1F24A3DD2200E02E21 /* CoreDataUtility.swift */; };
		7D487E2324A3DD7100E02E21 /* Exercise.xcdatamodeld in Sources */ = {isa = PBXBuildFile; fileRef = 7D487E2124A3DD7100E02E21 /* Exercise.xcdatamodeld */; };
		7D61883924A4400B00C4AEB5 /* ToDoItem+CoreDataProperties.swift in Sources */ = {isa = PBXBuildFile; fileRef = 7D61883724A4400B00C4AEB5 /* ToDoItem+CoreDataProperties.swift */; };
		7D61883A24A4400B00C4AEB5 /* ToDoItem+CoreDataClass.swift in Sources */ = {isa = PBXBuildFile; fileRef = 7D61883824A4400B00C4AEB5 /* ToDoItem+CoreDataClass.swift */; };
		7D61883C24A441AD00C4AEB5 /* ToDoItemAccessProvider.swift in Sources */ = {isa = PBXBuildFile; fileRef = 7D61883B24A441AD00C4AEB5 /* ToDoItemAccessProvider.swift */; };
		7D9B112A24A3BAF9006D49FA /* AppDelegate.swift in Sources */ = {isa = PBXBuildFile; fileRef = 7D9B112924A3BAF9006D49FA /* AppDelegate.swift */; };
		7D9B112C24A3BAF9006D49FA /* SceneDelegate.swift in Sources */ = {isa = PBXBuildFile; fileRef = 7D9B112B24A3BAF9006D49FA /* SceneDelegate.swift */; };
		7D9B112E24A3BAF9006D49FA /* ToDoListTableViewController.swift in Sources */ = {isa = PBXBuildFile; fileRef = 7D9B112D24A3BAF9006D49FA /* ToDoListTableViewController.swift */; };
		7D9B113124A3BAF9006D49FA /* ToDoListTableViewController.storyboard in Resources */ = {isa = PBXBuildFile; fileRef = 7D9B112F24A3BAF9006D49FA /* ToDoListTableViewController.storyboard */; };
		7D9B113324A3BAFA006D49FA /* Assets.xcassets in Resources */ = {isa = PBXBuildFile; fileRef = 7D9B113224A3BAFA006D49FA /* Assets.xcassets */; };
		7D9B113624A3BAFA006D49FA /* LaunchScreen.storyboard in Resources */ = {isa = PBXBuildFile; fileRef = 7D9B113424A3BAFA006D49FA /* LaunchScreen.storyboard */; };
		7D9B114124A3BF8B006D49FA /* BaseSceneCoordinator.swift in Sources */ = {isa = PBXBuildFile; fileRef = 7D9B114024A3BF8B006D49FA /* BaseSceneCoordinator.swift */; };
		7D9B114324A3BFA1006D49FA /* BaseViewController.swift in Sources */ = {isa = PBXBuildFile; fileRef = 7D9B114224A3BFA1006D49FA /* BaseViewController.swift */; };
		7D9B114524A3BFAC006D49FA /* BaseViewModel.swift in Sources */ = {isa = PBXBuildFile; fileRef = 7D9B114424A3BFAC006D49FA /* BaseViewModel.swift */; };
		7D9B114924A3BFCE006D49FA /* AppRouter.swift in Sources */ = {isa = PBXBuildFile; fileRef = 7D9B114824A3BFCE006D49FA /* AppRouter.swift */; };
		7D9B114B24A3BFDB006D49FA /* AppCoordinator.swift in Sources */ = {isa = PBXBuildFile; fileRef = 7D9B114A24A3BFDB006D49FA /* AppCoordinator.swift */; };
		7D9B114D24A3BFE5006D49FA /* SceneCoordinator.swift in Sources */ = {isa = PBXBuildFile; fileRef = 7D9B114C24A3BFE5006D49FA /* SceneCoordinator.swift */; };
		7D9B114F24A3BFFC006D49FA /* ViewModel.swift in Sources */ = {isa = PBXBuildFile; fileRef = 7D9B114E24A3BFFC006D49FA /* ViewModel.swift */; };
		7D9B115224A3C012006D49FA /* SceneCoordinatable.swift in Sources */ = {isa = PBXBuildFile; fileRef = 7D9B115124A3C012006D49FA /* SceneCoordinatable.swift */; };
		7D9B115424A3C01D006D49FA /* Storyboardable.swift in Sources */ = {isa = PBXBuildFile; fileRef = 7D9B115324A3C01D006D49FA /* Storyboardable.swift */; };
		7D9B115624A3C027006D49FA /* ViewModelable.swift in Sources */ = {isa = PBXBuildFile; fileRef = 7D9B115524A3C027006D49FA /* ViewModelable.swift */; };
/* End PBXBuildFile section */

/* Begin PBXFileReference section */
		6CD983DE55C75DF41127DF8E /* Pods_Exercise.framework */ = {isa = PBXFileReference; explicitFileType = wrapper.framework; includeInIndex = 0; path = Pods_Exercise.framework; sourceTree = BUILT_PRODUCTS_DIR; };
		7B9901AA72B027805C7A1780 /* Pods-Exercise.debug.xcconfig */ = {isa = PBXFileReference; includeInIndex = 1; lastKnownFileType = text.xcconfig; name = "Pods-Exercise.debug.xcconfig"; path = "Target Support Files/Pods-Exercise/Pods-Exercise.debug.xcconfig"; sourceTree = "<group>"; };
		7D487E0D24A3C4AC00E02E21 /* BaseTableViewController.swift */ = {isa = PBXFileReference; lastKnownFileType = sourcecode.swift; path = BaseTableViewController.swift; sourceTree = "<group>"; };
		7D487E0F24A3C4ED00E02E21 /* ToDoListViewModel.swift */ = {isa = PBXFileReference; lastKnownFileType = sourcecode.swift; path = ToDoListViewModel.swift; sourceTree = "<group>"; };
		7D487E1124A3CAEC00E02E21 /* Colors.xcassets */ = {isa = PBXFileReference; lastKnownFileType = folder.assetcatalog; path = Colors.xcassets; sourceTree = "<group>"; };
		7D487E1324A3CD5000E02E21 /* BaseNavigationController.swift */ = {isa = PBXFileReference; lastKnownFileType = sourcecode.swift; path = BaseNavigationController.swift; sourceTree = "<group>"; };
		7D487E1524A3CDE000E02E21 /* ToDoListCoordinator.swift */ = {isa = PBXFileReference; lastKnownFileType = sourcecode.swift; path = ToDoListCoordinator.swift; sourceTree = "<group>"; };
		7D487E1824A3D43600E02E21 /* Color.swift */ = {isa = PBXFileReference; lastKnownFileType = sourcecode.swift; path = Color.swift; sourceTree = "<group>"; };
		7D487E1F24A3DD2200E02E21 /* CoreDataUtility.swift */ = {isa = PBXFileReference; lastKnownFileType = sourcecode.swift; path = CoreDataUtility.swift; sourceTree = "<group>"; };
		7D487E2224A3DD7100E02E21 /* Exercise.xcdatamodel */ = {isa = PBXFileReference; lastKnownFileType = wrapper.xcdatamodel; path = Exercise.xcdatamodel; sourceTree = "<group>"; };
		7D61883724A4400B00C4AEB5 /* ToDoItem+CoreDataProperties.swift */ = {isa = PBXFileReference; fileEncoding = 4; lastKnownFileType = sourcecode.swift; path = "ToDoItem+CoreDataProperties.swift"; sourceTree = "<group>"; };
		7D61883824A4400B00C4AEB5 /* ToDoItem+CoreDataClass.swift */ = {isa = PBXFileReference; fileEncoding = 4; lastKnownFileType = sourcecode.swift; path = "ToDoItem+CoreDataClass.swift"; sourceTree = "<group>"; };
		7D61883B24A441AD00C4AEB5 /* ToDoItemAccessProvider.swift */ = {isa = PBXFileReference; lastKnownFileType = sourcecode.swift; path = ToDoItemAccessProvider.swift; sourceTree = "<group>"; };
		7D9B112624A3BAF9006D49FA /* Exercise.app */ = {isa = PBXFileReference; explicitFileType = wrapper.application; includeInIndex = 0; path = Exercise.app; sourceTree = BUILT_PRODUCTS_DIR; };
		7D9B112924A3BAF9006D49FA /* AppDelegate.swift */ = {isa = PBXFileReference; lastKnownFileType = sourcecode.swift; path = AppDelegate.swift; sourceTree = "<group>"; };
		7D9B112B24A3BAF9006D49FA /* SceneDelegate.swift */ = {isa = PBXFileReference; lastKnownFileType = sourcecode.swift; path = SceneDelegate.swift; sourceTree = "<group>"; };
		7D9B112D24A3BAF9006D49FA /* ToDoListTableViewController.swift */ = {isa = PBXFileReference; lastKnownFileType = sourcecode.swift; path = ToDoListTableViewController.swift; sourceTree = "<group>"; };
		7D9B113024A3BAF9006D49FA /* Base */ = {isa = PBXFileReference; lastKnownFileType = file.storyboard; name = Base; path = Base.lproj/ToDoListTableViewController.storyboard; sourceTree = "<group>"; };
		7D9B113224A3BAFA006D49FA /* Assets.xcassets */ = {isa = PBXFileReference; lastKnownFileType = folder.assetcatalog; path = Assets.xcassets; sourceTree = "<group>"; };
		7D9B113524A3BAFA006D49FA /* Base */ = {isa = PBXFileReference; lastKnownFileType = file.storyboard; name = Base; path = Base.lproj/LaunchScreen.storyboard; sourceTree = "<group>"; };
		7D9B113724A3BAFA006D49FA /* Info.plist */ = {isa = PBXFileReference; lastKnownFileType = text.plist.xml; path = Info.plist; sourceTree = "<group>"; };
		7D9B114024A3BF8B006D49FA /* BaseSceneCoordinator.swift */ = {isa = PBXFileReference; lastKnownFileType = sourcecode.swift; path = BaseSceneCoordinator.swift; sourceTree = "<group>"; };
		7D9B114224A3BFA1006D49FA /* BaseViewController.swift */ = {isa = PBXFileReference; lastKnownFileType = sourcecode.swift; path = BaseViewController.swift; sourceTree = "<group>"; };
		7D9B114424A3BFAC006D49FA /* BaseViewModel.swift */ = {isa = PBXFileReference; lastKnownFileType = sourcecode.swift; path = BaseViewModel.swift; sourceTree = "<group>"; };
		7D9B114824A3BFCE006D49FA /* AppRouter.swift */ = {isa = PBXFileReference; lastKnownFileType = sourcecode.swift; path = AppRouter.swift; sourceTree = "<group>"; };
		7D9B114A24A3BFDB006D49FA /* AppCoordinator.swift */ = {isa = PBXFileReference; lastKnownFileType = sourcecode.swift; path = AppCoordinator.swift; sourceTree = "<group>"; };
		7D9B114C24A3BFE5006D49FA /* SceneCoordinator.swift */ = {isa = PBXFileReference; lastKnownFileType = sourcecode.swift; path = SceneCoordinator.swift; sourceTree = "<group>"; };
		7D9B114E24A3BFFC006D49FA /* ViewModel.swift */ = {isa = PBXFileReference; lastKnownFileType = sourcecode.swift; path = ViewModel.swift; sourceTree = "<group>"; };
		7D9B115124A3C012006D49FA /* SceneCoordinatable.swift */ = {isa = PBXFileReference; lastKnownFileType = sourcecode.swift; path = SceneCoordinatable.swift; sourceTree = "<group>"; };
		7D9B115324A3C01D006D49FA /* Storyboardable.swift */ = {isa = PBXFileReference; lastKnownFileType = sourcecode.swift; path = Storyboardable.swift; sourceTree = "<group>"; };
		7D9B115524A3C027006D49FA /* ViewModelable.swift */ = {isa = PBXFileReference; lastKnownFileType = sourcecode.swift; path = ViewModelable.swift; sourceTree = "<group>"; };
		F684A86B4CA9BFA9A0851E05 /* Pods-Exercise.release.xcconfig */ = {isa = PBXFileReference; includeInIndex = 1; lastKnownFileType = text.xcconfig; name = "Pods-Exercise.release.xcconfig"; path = "Target Support Files/Pods-Exercise/Pods-Exercise.release.xcconfig"; sourceTree = "<group>"; };
/* End PBXFileReference section */

/* Begin PBXFrameworksBuildPhase section */
		7D9B112324A3BAF9006D49FA /* Frameworks */ = {
			isa = PBXFrameworksBuildPhase;
			buildActionMask = 2147483647;
			files = (
				0D5653922AFCD6CA6D6E7E2A /* Pods_Exercise.framework in Frameworks */,
			);
			runOnlyForDeploymentPostprocessing = 0;
		};
/* End PBXFrameworksBuildPhase section */

/* Begin PBXGroup section */
		0BF19D00E42C61D391BDD2D6 /* Frameworks */ = {
			isa = PBXGroup;
			children = (
				6CD983DE55C75DF41127DF8E /* Pods_Exercise.framework */,
			);
			name = Frameworks;
			sourceTree = "<group>";
		};
		7D487E1724A3D41C00E02E21 /* Utilities */ = {
			isa = PBXGroup;
			children = (
				7D487E1824A3D43600E02E21 /* Color.swift */,
				7D487E1E24A3DB2C00E02E21 /* CoreData */,
			);
			path = Utilities;
			sourceTree = "<group>";
		};
		7D487E1E24A3DB2C00E02E21 /* CoreData */ = {
			isa = PBXGroup;
			children = (
				7D487E1F24A3DD2200E02E21 /* CoreDataUtility.swift */,
			);
			path = CoreData;
			sourceTree = "<group>";
		};
		7D61883124A43F5200C4AEB5 /* Models */ = {
			isa = PBXGroup;
			children = (
				7D61883224A43F5800C4AEB5 /* ToDoItem */,
			);
			path = Models;
			sourceTree = "<group>";
		};
		7D61883224A43F5800C4AEB5 /* ToDoItem */ = {
			isa = PBXGroup;
			children = (
				7D61883824A4400B00C4AEB5 /* ToDoItem+CoreDataClass.swift */,
				7D61883724A4400B00C4AEB5 /* ToDoItem+CoreDataProperties.swift */,
				7D61883B24A441AD00C4AEB5 /* ToDoItemAccessProvider.swift */,
			);
			path = ToDoItem;
			sourceTree = "<group>";
		};
		7D95D0D924A3C25E00872A8B /* Scene */ = {
			isa = PBXGroup;
			children = (
				7D95D0DA24A3C29700872A8B /* ToDoListTableViewController */,
			);
			path = Scene;
			sourceTree = "<group>";
		};
		7D95D0DA24A3C29700872A8B /* ToDoListTableViewController */ = {
			isa = PBXGroup;
			children = (
				7D487E1524A3CDE000E02E21 /* ToDoListCoordinator.swift */,
				7D487E0F24A3C4ED00E02E21 /* ToDoListViewModel.swift */,
				7D9B112D24A3BAF9006D49FA /* ToDoListTableViewController.swift */,
				7D9B112F24A3BAF9006D49FA /* ToDoListTableViewController.storyboard */,
			);
			path = ToDoListTableViewController;
			sourceTree = "<group>";
		};
		7D9B111D24A3BAF9006D49FA = {
			isa = PBXGroup;
			children = (
				7D9B112824A3BAF9006D49FA /* Exercise */,
				7D9B112724A3BAF9006D49FA /* Products */,
				D9176A81ED16C84E9207A1F9 /* Pods */,
				0BF19D00E42C61D391BDD2D6 /* Frameworks */,
			);
			sourceTree = "<group>";
		};
		7D9B112724A3BAF9006D49FA /* Products */ = {
			isa = PBXGroup;
			children = (
				7D9B112624A3BAF9006D49FA /* Exercise.app */,
			);
			name = Products;
			sourceTree = "<group>";
		};
		7D9B112824A3BAF9006D49FA /* Exercise */ = {
			isa = PBXGroup;
			children = (
				7D9B113D24A3BE3D006D49FA /* AppCoordinators */,
				7D61883124A43F5200C4AEB5 /* Models */,
				7D95D0D924A3C25E00872A8B /* Scene */,
				7D9B113E24A3BE5D006D49FA /* Core */,
				7D9B115724A3C03B006D49FA /* Resources */,
			);
			path = Exercise;
			sourceTree = "<group>";
		};
		7D9B113D24A3BE3D006D49FA /* AppCoordinators */ = {
			isa = PBXGroup;
			children = (
				7D9B112924A3BAF9006D49FA /* AppDelegate.swift */,
				7D9B112B24A3BAF9006D49FA /* SceneDelegate.swift */,
			);
			path = AppCoordinators;
			sourceTree = "<group>";
		};
		7D9B113E24A3BE5D006D49FA /* Core */ = {
			isa = PBXGroup;
			children = (
				7D9B113F24A3BE6A006D49FA /* Base */,
				7D9B114624A3BFB4006D49FA /* General */,
				7D487E1724A3D41C00E02E21 /* Utilities */,
			);
			path = Core;
			sourceTree = "<group>";
		};
		7D9B113F24A3BE6A006D49FA /* Base */ = {
			isa = PBXGroup;
			children = (
				7D9B114024A3BF8B006D49FA /* BaseSceneCoordinator.swift */,
				7D487E1324A3CD5000E02E21 /* BaseNavigationController.swift */,
				7D9B114224A3BFA1006D49FA /* BaseViewController.swift */,
				7D487E0D24A3C4AC00E02E21 /* BaseTableViewController.swift */,
				7D9B114424A3BFAC006D49FA /* BaseViewModel.swift */,
			);
			path = Base;
			sourceTree = "<group>";
		};
		7D9B114624A3BFB4006D49FA /* General */ = {
			isa = PBXGroup;
			children = (
				7D9B114724A3BFC2006D49FA /* Classes */,
				7D9B115024A3C001006D49FA /* Protocols */,
			);
			path = General;
			sourceTree = "<group>";
		};
		7D9B114724A3BFC2006D49FA /* Classes */ = {
			isa = PBXGroup;
			children = (
				7D9B114824A3BFCE006D49FA /* AppRouter.swift */,
				7D9B114A24A3BFDB006D49FA /* AppCoordinator.swift */,
				7D9B114C24A3BFE5006D49FA /* SceneCoordinator.swift */,
				7D9B114E24A3BFFC006D49FA /* ViewModel.swift */,
			);
			path = Classes;
			sourceTree = "<group>";
		};
		7D9B115024A3C001006D49FA /* Protocols */ = {
			isa = PBXGroup;
			children = (
				7D9B115124A3C012006D49FA /* SceneCoordinatable.swift */,
				7D9B115324A3C01D006D49FA /* Storyboardable.swift */,
				7D9B115524A3C027006D49FA /* ViewModelable.swift */,
			);
			path = Protocols;
			sourceTree = "<group>";
		};
		7D9B115724A3C03B006D49FA /* Resources */ = {
			isa = PBXGroup;
			children = (
				7D9B113224A3BAFA006D49FA /* Assets.xcassets */,
				7D487E1124A3CAEC00E02E21 /* Colors.xcassets */,
				7D9B113424A3BAFA006D49FA /* LaunchScreen.storyboard */,
				7D9B113724A3BAFA006D49FA /* Info.plist */,
				7D487E2124A3DD7100E02E21 /* Exercise.xcdatamodeld */,
			);
			path = Resources;
			sourceTree = "<group>";
		};
		D9176A81ED16C84E9207A1F9 /* Pods */ = {
			isa = PBXGroup;
			children = (
				7B9901AA72B027805C7A1780 /* Pods-Exercise.debug.xcconfig */,
				F684A86B4CA9BFA9A0851E05 /* Pods-Exercise.release.xcconfig */,
			);
			path = Pods;
			sourceTree = "<group>";
		};
/* End PBXGroup section */

/* Begin PBXNativeTarget section */
		7D9B112524A3BAF9006D49FA /* Exercise */ = {
			isa = PBXNativeTarget;
			buildConfigurationList = 7D9B113A24A3BAFA006D49FA /* Build configuration list for PBXNativeTarget "Exercise" */;
			buildPhases = (
				943F1B50BE0A3FF94F0D8149 /* [CP] Check Pods Manifest.lock */,
				7D9B112224A3BAF9006D49FA /* Sources */,
				7D9B112324A3BAF9006D49FA /* Frameworks */,
				7D9B112424A3BAF9006D49FA /* Resources */,
				D796EF614878CB81B4D8F371 /* [CP] Embed Pods Frameworks */,
			);
			buildRules = (
			);
			dependencies = (
			);
			name = Exercise;
			productName = Exercise;
			productReference = 7D9B112624A3BAF9006D49FA /* Exercise.app */;
			productType = "com.apple.product-type.application";
		};
/* End PBXNativeTarget section */

/* Begin PBXProject section */
		7D9B111E24A3BAF9006D49FA /* Project object */ = {
			isa = PBXProject;
			attributes = {
				LastSwiftUpdateCheck = 1150;
				LastUpgradeCheck = 1200;
				ORGANIZATIONNAME = "Elbert John A. Orozco";
				TargetAttributes = {
					7D9B112524A3BAF9006D49FA = {
						CreatedOnToolsVersion = 11.5;
					};
				};
			};
			buildConfigurationList = 7D9B112124A3BAF9006D49FA /* Build configuration list for PBXProject "Exercise" */;
			compatibilityVersion = "Xcode 9.3";
			developmentRegion = en;
			hasScannedForEncodings = 0;
			knownRegions = (
				en,
				Base,
			);
			mainGroup = 7D9B111D24A3BAF9006D49FA;
			productRefGroup = 7D9B112724A3BAF9006D49FA /* Products */;
			projectDirPath = "";
			projectRoot = "";
			targets = (
				7D9B112524A3BAF9006D49FA /* Exercise */,
			);
		};
/* End PBXProject section */

/* Begin PBXResourcesBuildPhase section */
		7D9B112424A3BAF9006D49FA /* Resources */ = {
			isa = PBXResourcesBuildPhase;
			buildActionMask = 2147483647;
			files = (
				7D9B113624A3BAFA006D49FA /* LaunchScreen.storyboard in Resources */,
				7D487E1224A3CAEC00E02E21 /* Colors.xcassets in Resources */,
				7D9B113324A3BAFA006D49FA /* Assets.xcassets in Resources */,
				7D9B113124A3BAF9006D49FA /* ToDoListTableViewController.storyboard in Resources */,
			);
			runOnlyForDeploymentPostprocessing = 0;
		};
/* End PBXResourcesBuildPhase section */

/* Begin PBXShellScriptBuildPhase section */
		943F1B50BE0A3FF94F0D8149 /* [CP] Check Pods Manifest.lock */ = {
			isa = PBXShellScriptBuildPhase;
			buildActionMask = 2147483647;
			files = (
			);
			inputFileListPaths = (
			);
			inputPaths = (
				"${PODS_PODFILE_DIR_PATH}/Podfile.lock",
				"${PODS_ROOT}/Manifest.lock",
			);
			name = "[CP] Check Pods Manifest.lock";
			outputFileListPaths = (
			);
			outputPaths = (
				"$(DERIVED_FILE_DIR)/Pods-Exercise-checkManifestLockResult.txt",
			);
			runOnlyForDeploymentPostprocessing = 0;
			shellPath = /bin/sh;
			shellScript = "diff \"${PODS_PODFILE_DIR_PATH}/Podfile.lock\" \"${PODS_ROOT}/Manifest.lock\" > /dev/null\nif [ $? != 0 ] ; then\n    # print error to STDERR\n    echo \"error: The sandbox is not in sync with the Podfile.lock. Run 'pod install' or update your CocoaPods installation.\" >&2\n    exit 1\nfi\n# This output is used by Xcode 'outputs' to avoid re-running this script phase.\necho \"SUCCESS\" > \"${SCRIPT_OUTPUT_FILE_0}\"\n";
			showEnvVarsInLog = 0;
		};
		D796EF614878CB81B4D8F371 /* [CP] Embed Pods Frameworks */ = {
			isa = PBXShellScriptBuildPhase;
			buildActionMask = 2147483647;
			files = (
			);
			inputFileListPaths = (
				"${PODS_ROOT}/Target Support Files/Pods-Exercise/Pods-Exercise-frameworks-${CONFIGURATION}-input-files.xcfilelist",
			);
			name = "[CP] Embed Pods Frameworks";
			outputFileListPaths = (
				"${PODS_ROOT}/Target Support Files/Pods-Exercise/Pods-Exercise-frameworks-${CONFIGURATION}-output-files.xcfilelist",
			);
			runOnlyForDeploymentPostprocessing = 0;
			shellPath = /bin/sh;
			shellScript = "\"${PODS_ROOT}/Target Support Files/Pods-Exercise/Pods-Exercise-frameworks.sh\"\n";
			showEnvVarsInLog = 0;
		};
/* End PBXShellScriptBuildPhase section */

/* Begin PBXSourcesBuildPhase section */
		7D9B112224A3BAF9006D49FA /* Sources */ = {
			isa = PBXSourcesBuildPhase;
			buildActionMask = 2147483647;
			files = (
				7D487E1624A3CDE000E02E21 /* ToDoListCoordinator.swift in Sources */,
				7D487E1924A3D43600E02E21 /* Color.swift in Sources */,
				7D9B114F24A3BFFC006D49FA /* ViewModel.swift in Sources */,
				7D9B114324A3BFA1006D49FA /* BaseViewController.swift in Sources */,
				7D487E2024A3DD2200E02E21 /* CoreDataUtility.swift in Sources */,
				7D9B112E24A3BAF9006D49FA /* ToDoListTableViewController.swift in Sources */,
				7D61883A24A4400B00C4AEB5 /* ToDoItem+CoreDataClass.swift in Sources */,
				7D9B112A24A3BAF9006D49FA /* AppDelegate.swift in Sources */,
				7D9B115424A3C01D006D49FA /* Storyboardable.swift in Sources */,
				7D9B114D24A3BFE5006D49FA /* SceneCoordinator.swift in Sources */,
				7D487E2324A3DD7100E02E21 /* Exercise.xcdatamodeld in Sources */,
				7D61883924A4400B00C4AEB5 /* ToDoItem+CoreDataProperties.swift in Sources */,
				7D9B114124A3BF8B006D49FA /* BaseSceneCoordinator.swift in Sources */,
				7D9B114B24A3BFDB006D49FA /* AppCoordinator.swift in Sources */,
				7D487E1424A3CD5000E02E21 /* BaseNavigationController.swift in Sources */,
				7D9B114924A3BFCE006D49FA /* AppRouter.swift in Sources */,
				7D487E1024A3C4ED00E02E21 /* ToDoListViewModel.swift in Sources */,
				7D9B115224A3C012006D49FA /* SceneCoordinatable.swift in Sources */,
				7D487E0E24A3C4AC00E02E21 /* BaseTableViewController.swift in Sources */,
				7D9B112C24A3BAF9006D49FA /* SceneDelegate.swift in Sources */,
				7D9B114524A3BFAC006D49FA /* BaseViewModel.swift in Sources */,
				7D61883C24A441AD00C4AEB5 /* ToDoItemAccessProvider.swift in Sources */,
				7D9B115624A3C027006D49FA /* ViewModelable.swift in Sources */,
			);
			runOnlyForDeploymentPostprocessing = 0;
		};
/* End PBXSourcesBuildPhase section */

/* Begin PBXVariantGroup section */
		7D9B112F24A3BAF9006D49FA /* ToDoListTableViewController.storyboard */ = {
			isa = PBXVariantGroup;
			children = (
				7D9B113024A3BAF9006D49FA /* Base */,
			);
			name = ToDoListTableViewController.storyboard;
			sourceTree = "<group>";
		};
		7D9B113424A3BAFA006D49FA /* LaunchScreen.storyboard */ = {
			isa = PBXVariantGroup;
			children = (
				7D9B113524A3BAFA006D49FA /* Base */,
			);
			name = LaunchScreen.storyboard;
			sourceTree = "<group>";
		};
/* End PBXVariantGroup section */

/* Begin XCBuildConfiguration section */
		7D9B113824A3BAFA006D49FA /* Debug */ = {
			isa = XCBuildConfiguration;
			buildSettings = {
				ALWAYS_SEARCH_USER_PATHS = NO;
				CLANG_ANALYZER_NONNULL = YES;
				CLANG_ANALYZER_NUMBER_OBJECT_CONVERSION = YES_AGGRESSIVE;
				CLANG_CXX_LANGUAGE_STANDARD = "gnu++14";
				CLANG_CXX_LIBRARY = "libc++";
				CLANG_ENABLE_MODULES = YES;
				CLANG_ENABLE_OBJC_ARC = YES;
				CLANG_ENABLE_OBJC_WEAK = YES;
				CLANG_WARN_BLOCK_CAPTURE_AUTORELEASING = YES;
				CLANG_WARN_BOOL_CONVERSION = YES;
				CLANG_WARN_COMMA = YES;
				CLANG_WARN_CONSTANT_CONVERSION = YES;
				CLANG_WARN_DEPRECATED_OBJC_IMPLEMENTATIONS = YES;
				CLANG_WARN_DIRECT_OBJC_ISA_USAGE = YES_ERROR;
				CLANG_WARN_DOCUMENTATION_COMMENTS = YES;
				CLANG_WARN_EMPTY_BODY = YES;
				CLANG_WARN_ENUM_CONVERSION = YES;
				CLANG_WARN_INFINITE_RECURSION = YES;
				CLANG_WARN_INT_CONVERSION = YES;
				CLANG_WARN_NON_LITERAL_NULL_CONVERSION = YES;
				CLANG_WARN_OBJC_IMPLICIT_RETAIN_SELF = YES;
				CLANG_WARN_OBJC_LITERAL_CONVERSION = YES;
				CLANG_WARN_OBJC_ROOT_CLASS = YES_ERROR;
				CLANG_WARN_RANGE_LOOP_ANALYSIS = YES;
				CLANG_WARN_STRICT_PROTOTYPES = YES;
				CLANG_WARN_SUSPICIOUS_MOVE = YES;
				CLANG_WARN_UNGUARDED_AVAILABILITY = YES_AGGRESSIVE;
				CLANG_WARN_UNREACHABLE_CODE = YES;
				CLANG_WARN__DUPLICATE_METHOD_MATCH = YES;
				COPY_PHASE_STRIP = NO;
				DEBUG_INFORMATION_FORMAT = dwarf;
				ENABLE_STRICT_OBJC_MSGSEND = YES;
				ENABLE_TESTABILITY = YES;
				GCC_C_LANGUAGE_STANDARD = gnu11;
				GCC_DYNAMIC_NO_PIC = NO;
				GCC_NO_COMMON_BLOCKS = YES;
				GCC_OPTIMIZATION_LEVEL = 0;
				GCC_PREPROCESSOR_DEFINITIONS = (
					"DEBUG=1",
					"$(inherited)",
				);
				GCC_WARN_64_TO_32_BIT_CONVERSION = YES;
				GCC_WARN_ABOUT_RETURN_TYPE = YES_ERROR;
				GCC_WARN_UNDECLARED_SELECTOR = YES;
				GCC_WARN_UNINITIALIZED_AUTOS = YES_AGGRESSIVE;
				GCC_WARN_UNUSED_FUNCTION = YES;
				GCC_WARN_UNUSED_VARIABLE = YES;
				IPHONEOS_DEPLOYMENT_TARGET = 11.0;
				MTL_ENABLE_DEBUG_INFO = INCLUDE_SOURCE;
				MTL_FAST_MATH = YES;
				ONLY_ACTIVE_ARCH = YES;
				SDKROOT = iphoneos;
				SWIFT_ACTIVE_COMPILATION_CONDITIONS = DEBUG;
				SWIFT_OPTIMIZATION_LEVEL = "-Onone";
			};
			name = Debug;
		};
		7D9B113924A3BAFA006D49FA /* Release */ = {
			isa = XCBuildConfiguration;
			buildSettings = {
				ALWAYS_SEARCH_USER_PATHS = NO;
				CLANG_ANALYZER_NONNULL = YES;
				CLANG_ANALYZER_NUMBER_OBJECT_CONVERSION = YES_AGGRESSIVE;
				CLANG_CXX_LANGUAGE_STANDARD = "gnu++14";
				CLANG_CXX_LIBRARY = "libc++";
				CLANG_ENABLE_MODULES = YES;
				CLANG_ENABLE_OBJC_ARC = YES;
				CLANG_ENABLE_OBJC_WEAK = YES;
				CLANG_WARN_BLOCK_CAPTURE_AUTORELEASING = YES;
				CLANG_WARN_BOOL_CONVERSION = YES;
				CLANG_WARN_COMMA = YES;
				CLANG_WARN_CONSTANT_CONVERSION = YES;
				CLANG_WARN_DEPRECATED_OBJC_IMPLEMENTATIONS = YES;
				CLANG_WARN_DIRECT_OBJC_ISA_USAGE = YES_ERROR;
				CLANG_WARN_DOCUMENTATION_COMMENTS = YES;
				CLANG_WARN_EMPTY_BODY = YES;
				CLANG_WARN_ENUM_CONVERSION = YES;
				CLANG_WARN_INFINITE_RECURSION = YES;
				CLANG_WARN_INT_CONVERSION = YES;
				CLANG_WARN_NON_LITERAL_NULL_CONVERSION = YES;
				CLANG_WARN_OBJC_IMPLICIT_RETAIN_SELF = YES;
				CLANG_WARN_OBJC_LITERAL_CONVERSION = YES;
				CLANG_WARN_OBJC_ROOT_CLASS = YES_ERROR;
				CLANG_WARN_RANGE_LOOP_ANALYSIS = YES;
				CLANG_WARN_STRICT_PROTOTYPES = YES;
				CLANG_WARN_SUSPICIOUS_MOVE = YES;
				CLANG_WARN_UNGUARDED_AVAILABILITY = YES_AGGRESSIVE;
				CLANG_WARN_UNREACHABLE_CODE = YES;
				CLANG_WARN__DUPLICATE_METHOD_MATCH = YES;
				COPY_PHASE_STRIP = NO;
				DEBUG_INFORMATION_FORMAT = "dwarf-with-dsym";
				ENABLE_NS_ASSERTIONS = NO;
				ENABLE_STRICT_OBJC_MSGSEND = YES;
				GCC_C_LANGUAGE_STANDARD = gnu11;
				GCC_NO_COMMON_BLOCKS = YES;
				GCC_WARN_64_TO_32_BIT_CONVERSION = YES;
				GCC_WARN_ABOUT_RETURN_TYPE = YES_ERROR;
				GCC_WARN_UNDECLARED_SELECTOR = YES;
				GCC_WARN_UNINITIALIZED_AUTOS = YES_AGGRESSIVE;
				GCC_WARN_UNUSED_FUNCTION = YES;
				GCC_WARN_UNUSED_VARIABLE = YES;
				IPHONEOS_DEPLOYMENT_TARGET = 11.0;
				MTL_ENABLE_DEBUG_INFO = NO;
				MTL_FAST_MATH = YES;
				SDKROOT = iphoneos;
				SWIFT_COMPILATION_MODE = wholemodule;
				SWIFT_OPTIMIZATION_LEVEL = "-O";
				VALIDATE_PRODUCT = YES;
			};
			name = Release;
		};
		7D9B113B24A3BAFA006D49FA /* Debug */ = {
			isa = XCBuildConfiguration;
			baseConfigurationReference = 7B9901AA72B027805C7A1780 /* Pods-Exercise.debug.xcconfig */;
			buildSettings = {
				ASSETCATALOG_COMPILER_APPICON_NAME = AppIcon;
				CODE_SIGN_STYLE = Automatic;
				DEVELOPMENT_TEAM = 2FA6WL4KXY;
				INFOPLIST_FILE = Exercise/Resources/Info.plist;
				IPHONEOS_DEPLOYMENT_TARGET = 11.0;
				LD_RUNPATH_SEARCH_PATHS = (
					"$(inherited)",
					"@executable_path/Frameworks",
				);
				PRODUCT_BUNDLE_IDENTIFIER = com.noodlebytes.Exercise;
				PRODUCT_NAME = "$(TARGET_NAME)";
				SWIFT_VERSION = 5.0;
				TARGETED_DEVICE_FAMILY = "1,2";
			};
			name = Debug;
		};
		7D9B113C24A3BAFA006D49FA /* Release */ = {
			isa = XCBuildConfiguration;
			baseConfigurationReference = F684A86B4CA9BFA9A0851E05 /* Pods-Exercise.release.xcconfig */;
			buildSettings = {
				ASSETCATALOG_COMPILER_APPICON_NAME = AppIcon;
				CODE_SIGN_STYLE = Automatic;
				DEVELOPMENT_TEAM = 2FA6WL4KXY;
				INFOPLIST_FILE = Exercise/Resources/Info.plist;
				IPHONEOS_DEPLOYMENT_TARGET = 11.0;
				LD_RUNPATH_SEARCH_PATHS = (
					"$(inherited)",
					"@executable_path/Frameworks",
				);
				PRODUCT_BUNDLE_IDENTIFIER = com.noodlebytes.Exercise;
				PRODUCT_NAME = "$(TARGET_NAME)";
				SWIFT_VERSION = 5.0;
				TARGETED_DEVICE_FAMILY = "1,2";
			};
			name = Release;
		};
/* End XCBuildConfiguration section */

/* Begin XCConfigurationList section */
		7D9B112124A3BAF9006D49FA /* Build configuration list for PBXProject "Exercise" */ = {
			isa = XCConfigurationList;
			buildConfigurations = (
				7D9B113824A3BAFA006D49FA /* Debug */,
				7D9B113924A3BAFA006D49FA /* Release */,
			);
			defaultConfigurationIsVisible = 0;
			defaultConfigurationName = Release;
		};
		7D9B113A24A3BAFA006D49FA /* Build configuration list for PBXNativeTarget "Exercise" */ = {
			isa = XCConfigurationList;
			buildConfigurations = (
				7D9B113B24A3BAFA006D49FA /* Debug */,
				7D9B113C24A3BAFA006D49FA /* Release */,
			);
			defaultConfigurationIsVisible = 0;
			defaultConfigurationName = Release;
		};
/* End XCConfigurationList section */

/* Begin XCVersionGroup section */
		7D487E2124A3DD7100E02E21 /* Exercise.xcdatamodeld */ = {
			isa = XCVersionGroup;
			children = (
				7D487E2224A3DD7100E02E21 /* Exercise.xcdatamodel */,
			);
			currentVersion = 7D487E2224A3DD7100E02E21 /* Exercise.xcdatamodel */;
			path = Exercise.xcdatamodeld;
			sourceTree = "<group>";
			versionGroupType = wrapper.xcdatamodel;
		};
/* End XCVersionGroup section */
	};
	rootObject = 7D9B111E24A3BAF9006D49FA /* Project object */;
}
